
Microsoft Visual Studio Solution File, Format Version 12.00
# Visual Studio Version 17
VisualStudioVersion = 17.8.34316.72
MinimumVisualStudioVersion = 10.0.40219.1
Project("{FAE04EC0-301F-11D3-BF4B-00C04F79EFBC}") = "Item1", "Item1\Item1.csproj", "{08D5E07E-752B-437C-8D11-89E344CB9D77}"
EndProject
Project("{FAE04EC0-301F-11D3-BF4B-00C04F79EFBC}") = "Item2", "Item2\Item2.csproj", "{FDB37A09-A479-4C57-88BA-75504FC6C10E}"
EndProject
Global
	GlobalSection(SolutionConfigurationPlatforms) = preSolution
		Debug|Any CPU = Debug|Any CPU
		Release|Any CPU = Release|Any CPU
	EndGlobalSection
	GlobalSection(ProjectConfigurationPlatforms) = postSolution
		{08D5E07E-752B-437C-8D11-89E344CB9D77}.Debug|Any CPU.ActiveCfg = Debug|Any CPU
		{08D5E07E-752B-437C-8D11-89E344CB9D77}.Debug|Any CPU.Build.0 = Debug|Any CPU
		{08D5E07E-752B-437C-8D11-89E344CB9D77}.Release|Any CPU.ActiveCfg = Release|Any CPU
		{08D5E07E-752B-437C-8D11-89E344CB9D77}.Release|Any CPU.Build.0 = Release|Any CPU
		{FDB37A09-A479-4C57-88BA-75504FC6C10E}.Debug|Any CPU.ActiveCfg = Debug|Any CPU
		{FDB37A09-A479-4C57-88BA-75504FC6C10E}.Debug|Any CPU.Build.0 = Debug|Any CPU
		{FDB37A09-A479-4C57-88BA-75504FC6C10E}.Release|Any CPU.ActiveCfg = Release|Any CPU
		{FDB37A09-A479-4C57-88BA-75504FC6C10E}.Release|Any CPU.Build.0 = Release|Any CPU
	EndGlobalSection
	GlobalSection(SolutionProperties) = preSolution
		HideSolutionNode = FALSE
	EndGlobalSection
	GlobalSection(ExtensibilityGlobals) = postSolution
		SolutionGuid = {C61BFF29-9C00-4D9D-A70C-BE48101D9E19}
	EndGlobalSection
EndGlobal
